// !$*UTF8*$!
{
	archiveVersion = 1;
	classes = {
	};
	objectVersion = 46;
	objects = {

/* Begin PBXBuildFile section */
		C96B01831C1AAAB70038B91B /* main.m in Sources */ = {isa = PBXBuildFile; fileRef = C96B01821C1AAAB70038B91B /* main.m */; };
		C96B01861C1AAAB70038B91B /* AppDelegate.m in Sources */ = {isa = PBXBuildFile; fileRef = C96B01851C1AAAB70038B91B /* AppDelegate.m */; };
		C96B01891C1AAAB70038B91B /* ViewController.m in Sources */ = {isa = PBXBuildFile; fileRef = C96B01881C1AAAB70038B91B /* ViewController.m */; };
		C96B018E1C1AAAB70038B91B /* Assets.xcassets in Resources */ = {isa = PBXBuildFile; fileRef = C96B018D1C1AAAB70038B91B /* Assets.xcassets */; };
		C96B01911C1AAAB70038B91B /* LaunchScreen.storyboard in Resources */ = {isa = PBXBuildFile; fileRef = C96B018F1C1AAAB70038B91B /* LaunchScreen.storyboard */; };
		C96B019C1C1AAAB70038B91B /* MyToolsTests.m in Sources */ = {isa = PBXBuildFile; fileRef = C96B019B1C1AAAB70038B91B /* MyToolsTests.m */; };
		C96B01A71C1AAAB70038B91B /* MyToolsUITests.m in Sources */ = {isa = PBXBuildFile; fileRef = C96B01A61C1AAAB70038B91B /* MyToolsUITests.m */; };
		C96B01BF1C1AABA60038B91B /* LogExtension.m in Sources */ = {isa = PBXBuildFile; fileRef = C96B01BC1C1AABA60038B91B /* LogExtension.m */; };
		C96B01C01C1AABA60038B91B /* UIView+Extension.m in Sources */ = {isa = PBXBuildFile; fileRef = C96B01BE1C1AABA60038B91B /* UIView+Extension.m */; };
/* End PBXBuildFile section */

/* Begin PBXContainerItemProxy section */
		C96B01981C1AAAB70038B91B /* PBXContainerItemProxy */ = {
			isa = PBXContainerItemProxy;
			containerPortal = C96B01761C1AAAB60038B91B /* Project object */;
			proxyType = 1;
			remoteGlobalIDString = C96B017D1C1AAAB70038B91B;
			remoteInfo = MyTools;
		};
		C96B01A31C1AAAB70038B91B /* PBXContainerItemProxy */ = {
			isa = PBXContainerItemProxy;
			containerPortal = C96B01761C1AAAB60038B91B /* Project object */;
			proxyType = 1;
			remoteGlobalIDString = C96B017D1C1AAAB70038B91B;
			remoteInfo = MyTools;
		};
/* End PBXContainerItemProxy section */

/* Begin PBXFileReference section */
		C96B017E1C1AAAB70038B91B /* MyTools.app */ = {isa = PBXFileReference; explicitFileType = wrapper.application; includeInIndex = 0; path = MyTools.app; sourceTree = BUILT_PRODUCTS_DIR; };
		C96B01821C1AAAB70038B91B /* main.m */ = {isa = PBXFileReference; lastKnownFileType = sourcecode.c.objc; path = main.m; sourceTree = "<group>"; };
		C96B01841C1AAAB70038B91B /* AppDelegate.h */ = {isa = PBXFileReference; lastKnownFileType = sourcecode.c.h; path = AppDelegate.h; sourceTree = "<group>"; };
		C96B01851C1AAAB70038B91B /* AppDelegate.m */ = {isa = PBXFileReference; lastKnownFileType = sourcecode.c.objc; path = AppDelegate.m; sourceTree = "<group>"; };
		C96B01871C1AAAB70038B91B /* ViewController.h */ = {isa = PBXFileReference; lastKnownFileType = sourcecode.c.h; path = ViewController.h; sourceTree = "<group>"; };
		C96B01881C1AAAB70038B91B /* ViewController.m */ = {isa = PBXFileReference; lastKnownFileType = sourcecode.c.objc; path = ViewController.m; sourceTree = "<group>"; };
		C96B018D1C1AAAB70038B91B /* Assets.xcassets */ = {isa = PBXFileReference; lastKnownFileType = folder.assetcatalog; path = Assets.xcassets; sourceTree = "<group>"; };
		C96B01901C1AAAB70038B91B /* Base */ = {isa = PBXFileReference; lastKnownFileType = file.storyboard; name = Base; path = Base.lproj/LaunchScreen.storyboard; sourceTree = "<group>"; };
		C96B01921C1AAAB70038B91B /* Info.plist */ = {isa = PBXFileReference; lastKnownFileType = text.plist.xml; path = Info.plist; sourceTree = "<group>"; };
		C96B01971C1AAAB70038B91B /* MyToolsTests.xctest */ = {isa = PBXFileReference; explicitFileType = wrapper.cfbundle; includeInIndex = 0; path = MyToolsTests.xctest; sourceTree = BUILT_PRODUCTS_DIR; };
		C96B019B1C1AAAB70038B91B /* MyToolsTests.m */ = {isa = PBXFileReference; lastKnownFileType = sourcecode.c.objc; path = MyToolsTests.m; sourceTree = "<group>"; };
		C96B019D1C1AAAB70038B91B /* Info.plist */ = {isa = PBXFileReference; lastKnownFileType = text.plist.xml; path = Info.plist; sourceTree = "<group>"; };
		C96B01A21C1AAAB70038B91B /* MyToolsUITests.xctest */ = {isa = PBXFileReference; explicitFileType = wrapper.cfbundle; includeInIndex = 0; path = MyToolsUITests.xctest; sourceTree = BUILT_PRODUCTS_DIR; };
		C96B01A61C1AAAB70038B91B /* MyToolsUITests.m */ = {isa = PBXFileReference; lastKnownFileType = sourcecode.c.objc; path = MyToolsUITests.m; sourceTree = "<group>"; };
		C96B01A81C1AAAB70038B91B /* Info.plist */ = {isa = PBXFileReference; lastKnownFileType = text.plist.xml; path = Info.plist; sourceTree = "<group>"; };
		C96B01BB1C1AABA60038B91B /* LogExtension.h */ = {isa = PBXFileReference; fileEncoding = 4; lastKnownFileType = sourcecode.c.h; path = LogExtension.h; sourceTree = "<group>"; };
		C96B01BC1C1AABA60038B91B /* LogExtension.m */ = {isa = PBXFileReference; fileEncoding = 4; lastKnownFileType = sourcecode.c.objc; path = LogExtension.m; sourceTree = "<group>"; };
		C96B01BD1C1AABA60038B91B /* UIView+Extension.h */ = {isa = PBXFileReference; fileEncoding = 4; lastKnownFileType = sourcecode.c.h; path = "UIView+Extension.h"; sourceTree = "<group>"; };
		C96B01BE1C1AABA60038B91B /* UIView+Extension.m */ = {isa = PBXFileReference; fileEncoding = 4; lastKnownFileType = sourcecode.c.objc; path = "UIView+Extension.m"; sourceTree = "<group>"; };
/* End PBXFileReference section */

/* Begin PBXFrameworksBuildPhase section */
		C96B017B1C1AAAB70038B91B /* Frameworks */ = {
			isa = PBXFrameworksBuildPhase;
			buildActionMask = 2147483647;
			files = (
			);
			runOnlyForDeploymentPostprocessing = 0;
		};
		C96B01941C1AAAB70038B91B /* Frameworks */ = {
			isa = PBXFrameworksBuildPhase;
			buildActionMask = 2147483647;
			files = (
			);
			runOnlyForDeploymentPostprocessing = 0;
		};
		C96B019F1C1AAAB70038B91B /* Frameworks */ = {
			isa = PBXFrameworksBuildPhase;
			buildActionMask = 2147483647;
			files = (
			);
			runOnlyForDeploymentPostprocessing = 0;
		};
/* End PBXFrameworksBuildPhase section */

/* Begin PBXGroup section */
		C96B01751C1AAAB60038B91B = {
			isa = PBXGroup;
			children = (
				C96B01801C1AAAB70038B91B /* MyTools */,
				C96B019A1C1AAAB70038B91B /* MyToolsTests */,
				C96B01A51C1AAAB70038B91B /* MyToolsUITests */,
				C96B017F1C1AAAB70038B91B /* Products */,
			);
			sourceTree = "<group>";
		};
		C96B017F1C1AAAB70038B91B /* Products */ = {
			isa = PBXGroup;
			children = (
				C96B017E1C1AAAB70038B91B /* MyTools.app */,
				C96B01971C1AAAB70038B91B /* MyToolsTests.xctest */,
				C96B01A21C1AAAB70038B91B /* MyToolsUITests.xctest */,
			);
			name = Products;
			sourceTree = "<group>";
		};
		C96B01801C1AAAB70038B91B /* MyTools */ = {
			isa = PBXGroup;
			children = (
				C96B01BA1C1AAB6F0038B91B /* MyTools */,
				C96B01841C1AAAB70038B91B /* AppDelegate.h */,
				C96B01851C1AAAB70038B91B /* AppDelegate.m */,
				C96B01871C1AAAB70038B91B /* ViewController.h */,
				C96B01881C1AAAB70038B91B /* ViewController.m */,
				C96B018D1C1AAAB70038B91B /* Assets.xcassets */,
				C96B018F1C1AAAB70038B91B /* LaunchScreen.storyboard */,
				C96B01921C1AAAB70038B91B /* Info.plist */,
				C96B01811C1AAAB70038B91B /* Supporting Files */,
			);
			path = MyTools;
			sourceTree = "<group>";
		};
		C96B01811C1AAAB70038B91B /* Supporting Files */ = {
			isa = PBXGroup;
			children = (
				C96B01821C1AAAB70038B91B /* main.m */,
			);
			name = "Supporting Files";
			sourceTree = "<group>";
		};
		C96B019A1C1AAAB70038B91B /* MyToolsTests */ = {
			isa = PBXGroup;
			children = (
				C96B019B1C1AAAB70038B91B /* MyToolsTests.m */,
				C96B019D1C1AAAB70038B91B /* Info.plist */,
			);
			path = MyToolsTests;
			sourceTree = "<group>";
		};
		C96B01A51C1AAAB70038B91B /* MyToolsUITests */ = {
			isa = PBXGroup;
			children = (
				C96B01A61C1AAAB70038B91B /* MyToolsUITests.m */,
				C96B01A81C1AAAB70038B91B /* Info.plist */,
			);
			path = MyToolsUITests;
			sourceTree = "<group>";
		};
		C96B01BA1C1AAB6F0038B91B /* MyTools */ = {
			isa = PBXGroup;
			children = (
				C96B01BB1C1AABA60038B91B /* LogExtension.h */,
				C96B01BC1C1AABA60038B91B /* LogExtension.m */,
				C96B01BD1C1AABA60038B91B /* UIView+Extension.h */,
				C96B01BE1C1AABA60038B91B /* UIView+Extension.m */,
			);
			path = MyTools;
			sourceTree = "<group>";
		};
/* End PBXGroup section */

/* Begin PBXNativeTarget section */
		C96B017D1C1AAAB70038B91B /* MyTools */ = {
			isa = PBXNativeTarget;
			buildConfigurationList = C96B01AB1C1AAAB70038B91B /* Build configuration list for PBXNativeTarget "MyTools" */;
			buildPhases = (
				C96B017A1C1AAAB70038B91B /* Sources */,
				C96B017B1C1AAAB70038B91B /* Frameworks */,
				C96B017C1C1AAAB70038B91B /* Resources */,
			);
			buildRules = (
			);
			dependencies = (
			);
			name = MyTools;
			productName = MyTools;
			productReference = C96B017E1C1AAAB70038B91B /* MyTools.app */;
			productType = "com.apple.product-type.application";
		};
		C96B01961C1AAAB70038B91B /* MyToolsTests */ = {
			isa = PBXNativeTarget;
			buildConfigurationList = C96B01AE1C1AAAB70038B91B /* Build configuration list for PBXNativeTarget "MyToolsTests" */;
			buildPhases = (
				C96B01931C1AAAB70038B91B /* Sources */,
				C96B01941C1AAAB70038B91B /* Frameworks */,
				C96B01951C1AAAB70038B91B /* Resources */,
			);
			buildRules = (
			);
			dependencies = (
				C96B01991C1AAAB70038B91B /* PBXTargetDependency */,
			);
			name = MyToolsTests;
			productName = MyToolsTests;
			productReference = C96B01971C1AAAB70038B91B /* MyToolsTests.xctest */;
			productType = "com.apple.product-type.bundle.unit-test";
		};
		C96B01A11C1AAAB70038B91B /* MyToolsUITests */ = {
			isa = PBXNativeTarget;
			buildConfigurationList = C96B01B11C1AAAB70038B91B /* Build configuration list for PBXNativeTarget "MyToolsUITests" */;
			buildPhases = (
				C96B019E1C1AAAB70038B91B /* Sources */,
				C96B019F1C1AAAB70038B91B /* Frameworks */,
				C96B01A01C1AAAB70038B91B /* Resources */,
			);
			buildRules = (
			);
			dependencies = (
				C96B01A41C1AAAB70038B91B /* PBXTargetDependency */,
			);
			name = MyToolsUITests;
			productName = MyToolsUITests;
			productReference = C96B01A21C1AAAB70038B91B /* MyToolsUITests.xctest */;
			productType = "com.apple.product-type.bundle.ui-testing";
		};
/* End PBXNativeTarget section */

/* Begin PBXProject section */
		C96B01761C1AAAB60038B91B /* Project object */ = {
			isa = PBXProject;
			attributes = {
				LastUpgradeCheck = 0710;
				ORGANIZATIONNAME = "李轩霖";
				TargetAttributes = {
					C96B017D1C1AAAB70038B91B = {
						CreatedOnToolsVersion = 7.1.1;
						DevelopmentTeam = Q8VZJP5QEL;
					};
					C96B01961C1AAAB70038B91B = {
						CreatedOnToolsVersion = 7.1.1;
						DevelopmentTeam = Q8VZJP5QEL;
						TestTargetID = C96B017D1C1AAAB70038B91B;
					};
					C96B01A11C1AAAB70038B91B = {
						CreatedOnToolsVersion = 7.1.1;
						DevelopmentTeam = Q8VZJP5QEL;
						TestTargetID = C96B017D1C1AAAB70038B91B;
					};
				};
			};
			buildConfigurationList = C96B01791C1AAAB70038B91B /* Build configuration list for PBXProject "MyTools" */;
			compatibilityVersion = "Xcode 3.2";
			developmentRegion = English;
			hasScannedForEncodings = 0;
			knownRegions = (
				en,
				Base,
			);
			mainGroup = C96B01751C1AAAB60038B91B;
			productRefGroup = C96B017F1C1AAAB70038B91B /* Products */;
			projectDirPath = "";
			projectRoot = "";
			targets = (
				C96B017D1C1AAAB70038B91B /* MyTools */,
				C96B01961C1AAAB70038B91B /* MyToolsTests */,
				C96B01A11C1AAAB70038B91B /* MyToolsUITests */,
			);
		};
/* End PBXProject section */

/* Begin PBXResourcesBuildPhase section */
		C96B017C1C1AAAB70038B91B /* Resources */ = {
			isa = PBXResourcesBuildPhase;
			buildActionMask = 2147483647;
			files = (
				C96B01911C1AAAB70038B91B /* LaunchScreen.storyboard in Resources */,
				C96B018E1C1AAAB70038B91B /* Assets.xcassets in Resources */,
			);
			runOnlyForDeploymentPostprocessing = 0;
		};
		C96B01951C1AAAB70038B91B /* Resources */ = {
			isa = PBXResourcesBuildPhase;
			buildActionMask = 2147483647;
			files = (
			);
			runOnlyForDeploymentPostprocessing = 0;
		};
		C96B01A01C1AAAB70038B91B /* Resources */ = {
			isa = PBXResourcesBuildPhase;
			buildActionMask = 2147483647;
			files = (
			);
			runOnlyForDeploymentPostprocessing = 0;
		};
/* End PBXResourcesBuildPhase section */

/* Begin PBXSourcesBuildPhase section */
		C96B017A1C1AAAB70038B91B /* Sources */ = {
			isa = PBXSourcesBuildPhase;
			buildActionMask = 2147483647;
			files = (
				C96B01C01C1AABA60038B91B /* UIView+Extension.m in Sources */,
				C96B01BF1C1AABA60038B91B /* LogExtension.m in Sources */,
				C96B01891C1AAAB70038B91B /* ViewController.m in Sources */,
				C96B01861C1AAAB70038B91B /* AppDelegate.m in Sources */,
				C96B01831C1AAAB70038B91B /* main.m in Sources */,
			);
			runOnlyForDeploymentPostprocessing = 0;
		};
		C96B01931C1AAAB70038B91B /* Sources */ = {
			isa = PBXSourcesBuildPhase;
			buildActionMask = 2147483647;
			files = (
				C96B019C1C1AAAB70038B91B /* MyToolsTests.m in Sources */,
			);
			runOnlyForDeploymentPostprocessing = 0;
		};
		C96B019E1C1AAAB70038B91B /* Sources */ = {
			isa = PBXSourcesBuildPhase;
			buildActionMask = 2147483647;
			files = (
				C96B01A71C1AAAB70038B91B /* MyToolsUITests.m in Sources */,
			);
			runOnlyForDeploymentPostprocessing = 0;
		};
/* End PBXSourcesBuildPhase section */

/* Begin PBXTargetDependency section */
		C96B01991C1AAAB70038B91B /* PBXTargetDependency */ = {
			isa = PBXTargetDependency;
			target = C96B017D1C1AAAB70038B91B /* MyTools */;
			targetProxy = C96B01981C1AAAB70038B91B /* PBXContainerItemProxy */;
		};
		C96B01A41C1AAAB70038B91B /* PBXTargetDependency */ = {
			isa = PBXTargetDependency;
			target = C96B017D1C1AAAB70038B91B /* MyTools */;
			targetProxy = C96B01A31C1AAAB70038B91B /* PBXContainerItemProxy */;
		};
/* End PBXTargetDependency section */

/* Begin PBXVariantGroup section */
		C96B018F1C1AAAB70038B91B /* LaunchScreen.storyboard */ = {
			isa = PBXVariantGroup;
			children = (
				C96B01901C1AAAB70038B91B /* Base */,
			);
			name = LaunchScreen.storyboard;
			sourceTree = "<group>";
		};
/* End PBXVariantGroup section */

/* Begin XCBuildConfiguration section */
		C96B01A91C1AAAB70038B91B /* Debug */ = {
			isa = XCBuildConfiguration;
			buildSettings = {
				ALWAYS_SEARCH_USER_PATHS = NO;
				CLANG_CXX_LANGUAGE_STANDARD = "gnu++0x";
				CLANG_CXX_LIBRARY = "libc++";
				CLANG_ENABLE_MODULES = YES;
				CLANG_ENABLE_OBJC_ARC = YES;
				CLANG_WARN_BOOL_CONVERSION = YES;
				CLANG_WARN_CONSTANT_CONVERSION = YES;
				CLANG_WARN_DIRECT_OBJC_ISA_USAGE = YES_ERROR;
				CLANG_WARN_EMPTY_BODY = YES;
				CLANG_WARN_ENUM_CONVERSION = YES;
				CLANG_WARN_INT_CONVERSION = YES;
				CLANG_WARN_OBJC_ROOT_CLASS = YES_ERROR;
				CLANG_WARN_UNREACHABLE_CODE = YES;
				CLANG_WARN__DUPLICATE_METHOD_MATCH = YES;
				"CODE_SIGN_IDENTITY[sdk=iphoneos*]" = "iPhone Developer";
				COPY_PHASE_STRIP = NO;
				DEBUG_INFORMATION_FORMAT = dwarf;
				ENABLE_STRICT_OBJC_MSGSEND = YES;
				ENABLE_TESTABILITY = YES;
				GCC_C_LANGUAGE_STANDARD = gnu99;
				GCC_DYNAMIC_NO_PIC = NO;
				GCC_NO_COMMON_BLOCKS = YES;
				GCC_OPTIMIZATION_LEVEL = 0;
				GCC_PREPROCESSOR_DEFINITIONS = (
					"DEBUG=1",
					"$(inherited)",
				);
				GCC_WARN_64_TO_32_BIT_CONVERSION = YES;
				GCC_WARN_ABOUT_RETURN_TYPE = YES_ERROR;
				GCC_WARN_UNDECLARED_SELECTOR = YES;
				GCC_WARN_UNINITIALIZED_AUTOS = YES_AGGRESSIVE;
				GCC_WARN_UNUSED_FUNCTION = YES;
				GCC_WARN_UNUSED_VARIABLE = YES;
				IPHONEOS_DEPLOYMENT_TARGET = 9.1;
				MTL_ENABLE_DEBUG_INFO = YES;
				ONLY_ACTIVE_ARCH = YES;
				SDKROOT = iphoneos;
				TARGETED_DEVICE_FAMILY = "1,2";
			};
			name = Debug;
		};
		C96B01AA1C1AAAB70038B91B /* Release */ = {
			isa = XCBuildConfiguration;
			buildSettings = {
				ALWAYS_SEARCH_USER_PATHS = NO;
				CLANG_CXX_LANGUAGE_STANDARD = "gnu++0x";
				CLANG_CXX_LIBRARY = "libc++";
				CLANG_ENABLE_MODULES = YES;
				CLANG_ENABLE_OBJC_ARC = YES;
				CLANG_WARN_BOOL_CONVERSION = YES;
				CLANG_WARN_CONSTANT_CONVERSION = YES;
				CLANG_WARN_DIRECT_OBJC_ISA_USAGE = YES_ERROR;
				CLANG_WARN_EMPTY_BODY = YES;
				CLANG_WARN_ENUM_CONVERSION = YES;
				CLANG_WARN_INT_CONVERSION = YES;
				CLANG_WARN_OBJC_ROOT_CLASS = YES_ERROR;
				CLANG_WARN_UNREACHABLE_CODE = YES;
				CLANG_WARN__DUPLICATE_METHOD_MATCH = YES;
				"CODE_SIGN_IDENTITY[sdk=iphoneos*]" = "iPhone Developer";
				COPY_PHASE_STRIP = NO;
				DEBUG_INFORMATION_FORMAT = "dwarf-with-dsym";
				ENABLE_NS_ASSERTIONS = NO;
				ENABLE_STRICT_OBJC_MSGSEND = YES;
				GCC_C_LANGUAGE_STANDARD = gnu99;
				GCC_NO_COMMON_BLOCKS = YES;
				GCC_WARN_64_TO_32_BIT_CONVERSION = YES;
				GCC_WARN_ABOUT_RETURN_TYPE = YES_ERROR;
				GCC_WARN_UNDECLARED_SELECTOR = YES;
				GCC_WARN_UNINITIALIZED_AUTOS = YES_AGGRESSIVE;
				GCC_WARN_UNUSED_FUNCTION = YES;
				GCC_WARN_UNUSED_VARIABLE = YES;
				IPHONEOS_DEPLOYMENT_TARGET = 9.1;
				MTL_ENABLE_DEBUG_INFO = NO;
				SDKROOT = iphoneos;
				TARGETED_DEVICE_FAMILY = "1,2";
				VALIDATE_PRODUCT = YES;
			};
			name = Release;
		};
		C96B01AC1C1AAAB70038B91B /* Debug */ = {
			isa = XCBuildConfiguration;
			buildSettings = {
				ASSETCATALOG_COMPILER_APPICON_NAME = AppIcon;
				INFOPLIST_FILE = MyTools/Info.plist;
				LD_RUNPATH_SEARCH_PATHS = "$(inherited) @executable_path/Frameworks";
				PRODUCT_BUNDLE_IDENTIFIER = sasd.MyTools;
				PRODUCT_NAME = "$(TARGET_NAME)";
			};
			name = Debug;
		};
		C96B01AD1C1AAAB70038B91B /* Release */ = {
			isa = XCBuildConfiguration;
			buildSettings = {
				ASSETCATALOG_COMPILER_APPICON_NAME = AppIcon;
				INFOPLIST_FILE = MyTools/Info.plist;
				LD_RUNPATH_SEARCH_PATHS = "$(inherited) @executable_path/Frameworks";
				PRODUCT_BUNDLE_IDENTIFIER = sasd.MyTools;
				PRODUCT_NAME = "$(TARGET_NAME)";
			};
			name = Release;
		};
		C96B01AF1C1AAAB70038B91B /* Debug */ = {
			isa = XCBuildConfiguration;
			buildSettings = {
				BUNDLE_LOADER = "$(TEST_HOST)";
				INFOPLIST_FILE = MyToolsTests/Info.plist;
				LD_RUNPATH_SEARCH_PATHS = "$(inherited) @executable_path/Frameworks @loader_path/Frameworks";
				PRODUCT_BUNDLE_IDENTIFIER = sasd.MyToolsTests;
				PRODUCT_NAME = "$(TARGET_NAME)";
				TEST_HOST = "$(BUILT_PRODUCTS_DIR)/MyTools.app/MyTools";
			};
			name = Debug;
		};
		C96B01B01C1AAAB70038B91B /* Release */ = {
			isa = XCBuildConfiguration;
			buildSettings = {
				BUNDLE_LOADER = "$(TEST_HOST)";
				INFOPLIST_FILE = MyToolsTests/Info.plist;
				LD_RUNPATH_SEARCH_PATHS = "$(inherited) @executable_path/Frameworks @loader_path/Frameworks";
				PRODUCT_BUNDLE_IDENTIFIER = sasd.MyToolsTests;
				PRODUCT_NAME = "$(TARGET_NAME)";
				TEST_HOST = "$(BUILT_PRODUCTS_DIR)/MyTools.app/MyTools";
			};
			name = Release;
		};
		C96B01B21C1AAAB70038B91B /* Debug */ = {
			isa = XCBuildConfiguration;
			buildSettings = {
				INFOPLIST_FILE = MyToolsUITests/Info.plist;
				LD_RUNPATH_SEARCH_PATHS = "$(inherited) @executable_path/Frameworks @loader_path/Frameworks";
				PRODUCT_BUNDLE_IDENTIFIER = sasd.MyToolsUITests;
				PRODUCT_NAME = "$(TARGET_NAME)";
				TEST_TARGET_NAME = MyTools;
				USES_XCTRUNNER = YES;
			};
			name = Debug;
		};
		C96B01B31C1AAAB70038B91B /* Release */ = {
			isa = XCBuildConfiguration;
			buildSettings = {
				INFOPLIST_FILE = MyToolsUITests/Info.plist;
				LD_RUNPATH_SEARCH_PATHS = "$(inherited) @executable_path/Frameworks @loader_path/Frameworks";
				PRODUCT_BUNDLE_IDENTIFIER = sasd.MyToolsUITests;
				PRODUCT_NAME = "$(TARGET_NAME)";
				TEST_TARGET_NAME = MyTools;
				USES_XCTRUNNER = YES;
			};
			name = Release;
		};
/* End XCBuildConfiguration section */

/* Begin XCConfigurationList section */
		C96B01791C1AAAB70038B91B /* Build configuration list for PBXProject "MyTools" */ = {
			isa = XCConfigurationList;
			buildConfigurations = (
				C96B01A91C1AAAB70038B91B /* Debug */,
				C96B01AA1C1AAAB70038B91B /* Release */,
			);
			defaultConfigurationIsVisible = 0;
			defaultConfigurationName = Release;
		};
		C96B01AB1C1AAAB70038B91B /* Build configuration list for PBXNativeTarget "MyTools" */ = {
			isa = XCConfigurationList;
			buildConfigurations = (
				C96B01AC1C1AAAB70038B91B /* Debug */,
				C96B01AD1C1AAAB70038B91B /* Release */,
			);
			defaultConfigurationIsVisible = 0;
			defaultConfigurationName = Release;
		};
		C96B01AE1C1AAAB70038B91B /* Build configuration list for PBXNativeTarget "MyToolsTests" */ = {
			isa = XCConfigurationList;
			buildConfigurations = (
				C96B01AF1C1AAAB70038B91B /* Debug */,
				C96B01B01C1AAAB70038B91B /* Release */,
			);
			defaultConfigurationIsVisible = 0;
			defaultConfigurationName = Release;
		};
		C96B01B11C1AAAB70038B91B /* Build configuration list for PBXNativeTarget "MyToolsUITests" */ = {
			isa = XCConfigurationList;
			buildConfigurations = (
				C96B01B21C1AAAB70038B91B /* Debug */,
				C96B01B31C1AAAB70038B91B /* Release */,
			);
			defaultConfigurationIsVisible = 0;
			defaultConfigurationName = Release;
		};
/* End XCConfigurationList section */
	};
	rootObject = C96B01761C1AAAB60038B91B /* Project object */;
}
